
Microsoft Visual Studio Solution File, Format Version 12.00
# Visual Studio Version 17
VisualStudioVersion = 17.2.32616.157
MinimumVisualStudioVersion = 10.0.40219.1
Project("{FAE04EC0-301F-11D3-BF4B-00C04F79EFBC}") = "BonusProje1", "BonusProje1\BonusProje1.csproj", "{6EF98B0E-837F-4121-A105-F3F1277FE1B4}"
EndProject
Global
	GlobalSection(SolutionConfigurationPlatforms) = preSolution
		Debug|Any CPU = Debug|Any CPU
		Release|Any CPU = Release|Any CPU
	EndGlobalSection
	GlobalSection(ProjectConfigurationPlatforms) = postSolution
		{6EF98B0E-837F-4121-A105-F3F1277FE1B4}.Debug|Any CPU.ActiveCfg = Debug|Any CPU
		{6EF98B0E-837F-4121-A105-F3F1277FE1B4}.Debug|Any CPU.Build.0 = Debug|Any CPU
		{6EF98B0E-837F-4121-A105-F3F1277FE1B4}.Release|Any CPU.ActiveCfg = Release|Any CPU
		{6EF98B0E-837F-4121-A105-F3F1277FE1B4}.Release|Any CPU.Build.0 = Release|Any CPU
	EndGlobalSection
	GlobalSection(SolutionProperties) = preSolution
		HideSolutionNode = FALSE
	EndGlobalSection
	GlobalSection(ExtensibilityGlobals) = postSolution
		SolutionGuid = {D7B29F5C-F375-49F0-8E1A-C71EF35AB84E}
	EndGlobalSection
EndGlobal
